
Microsoft Visual Studio Solution File, Format Version 11.00
# Visual Studio 2010
Project("{FAE04EC0-301F-11D3-BF4B-00C04F79EFBC}") = "Caven", "Caven\Caven.csproj", "{08701D0F-B85C-497B-B0C9-49013DAA74EF}"
EndProject
Project("{FAE04EC0-301F-11D3-BF4B-00C04F79EFBC}") = "Caven.Common", "Caven.Common\Caven.Common.csproj", "{34C85114-2ADD-4A18-BA57-DADF79EB23BA}"
EndProject
Project("{FAE04EC0-301F-11D3-BF4B-00C04F79EFBC}") = "Caven.Tests", "Caven.Tests\Caven.Tests.csproj", "{2CB730CF-35E8-4440-BD24-AA23D6798C70}"
EndProject
Project("{2150E333-8FDC-42A3-9474-1A3956D46DE8}") = ".nuget", ".nuget", "{425FA3E0-4D38-4F8B-9A44-60E4D43ADCAC}"
	ProjectSection(SolutionItems) = preProject
		.nuget\NuGet.exe = .nuget\NuGet.exe
		.nuget\NuGet.targets = .nuget\NuGet.targets
	EndProjectSection
EndProject
Global
	GlobalSection(SolutionConfigurationPlatforms) = preSolution
		Debug|Any CPU = Debug|Any CPU
		Debug|Mixed Platforms = Debug|Mixed Platforms
		Debug|x86 = Debug|x86
		Release|Any CPU = Release|Any CPU
		Release|Mixed Platforms = Release|Mixed Platforms
		Release|x86 = Release|x86
	EndGlobalSection
	GlobalSection(ProjectConfigurationPlatforms) = postSolution
		{08701D0F-B85C-497B-B0C9-49013DAA74EF}.Debug|Any CPU.ActiveCfg = Debug|x86
		{08701D0F-B85C-497B-B0C9-49013DAA74EF}.Debug|Mixed Platforms.ActiveCfg = Debug|x86
		{08701D0F-B85C-497B-B0C9-49013DAA74EF}.Debug|Mixed Platforms.Build.0 = Debug|x86
		{08701D0F-B85C-497B-B0C9-49013DAA74EF}.Debug|x86.ActiveCfg = Debug|x86
		{08701D0F-B85C-497B-B0C9-49013DAA74EF}.Debug|x86.Build.0 = Debug|x86
		{08701D0F-B85C-497B-B0C9-49013DAA74EF}.Release|Any CPU.ActiveCfg = Release|x86
		{08701D0F-B85C-497B-B0C9-49013DAA74EF}.Release|Mixed Platforms.ActiveCfg = Release|x86
		{08701D0F-B85C-497B-B0C9-49013DAA74EF}.Release|Mixed Platforms.Build.0 = Release|x86
		{08701D0F-B85C-497B-B0C9-49013DAA74EF}.Release|x86.ActiveCfg = Release|x86
		{08701D0F-B85C-497B-B0C9-49013DAA74EF}.Release|x86.Build.0 = Release|x86
		{34C85114-2ADD-4A18-BA57-DADF79EB23BA}.Debug|Any CPU.ActiveCfg = Debug|Any CPU
		{34C85114-2ADD-4A18-BA57-DADF79EB23BA}.Debug|Any CPU.Build.0 = Debug|Any CPU
		{34C85114-2ADD-4A18-BA57-DADF79EB23BA}.Debug|Mixed Platforms.ActiveCfg = Debug|Any CPU
		{34C85114-2ADD-4A18-BA57-DADF79EB23BA}.Debug|Mixed Platforms.Build.0 = Debug|Any CPU
		{34C85114-2ADD-4A18-BA57-DADF79EB23BA}.Debug|x86.ActiveCfg = Debug|Any CPU
		{34C85114-2ADD-4A18-BA57-DADF79EB23BA}.Release|Any CPU.ActiveCfg = Release|Any CPU
		{34C85114-2ADD-4A18-BA57-DADF79EB23BA}.Release|Any CPU.Build.0 = Release|Any CPU
		{34C85114-2ADD-4A18-BA57-DADF79EB23BA}.Release|Mixed Platforms.ActiveCfg = Release|Any CPU
		{34C85114-2ADD-4A18-BA57-DADF79EB23BA}.Release|Mixed Platforms.Build.0 = Release|Any CPU
		{34C85114-2ADD-4A18-BA57-DADF79EB23BA}.Release|x86.ActiveCfg = Release|Any CPU
		{2CB730CF-35E8-4440-BD24-AA23D6798C70}.Debug|Any CPU.ActiveCfg = Debug|Any CPU
		{2CB730CF-35E8-4440-BD24-AA23D6798C70}.Debug|Any CPU.Build.0 = Debug|Any CPU
		{2CB730CF-35E8-4440-BD24-AA23D6798C70}.Debug|Mixed Platforms.ActiveCfg = Debug|Any CPU
		{2CB730CF-35E8-4440-BD24-AA23D6798C70}.Debug|Mixed Platforms.Build.0 = Debug|Any CPU
		{2CB730CF-35E8-4440-BD24-AA23D6798C70}.Debug|x86.ActiveCfg = Debug|Any CPU
		{2CB730CF-35E8-4440-BD24-AA23D6798C70}.Release|Any CPU.ActiveCfg = Release|Any CPU
		{2CB730CF-35E8-4440-BD24-AA23D6798C70}.Release|Any CPU.Build.0 = Release|Any CPU
		{2CB730CF-35E8-4440-BD24-AA23D6798C70}.Release|Mixed Platforms.ActiveCfg = Release|Any CPU
		{2CB730CF-35E8-4440-BD24-AA23D6798C70}.Release|Mixed Platforms.Build.0 = Release|Any CPU
		{2CB730CF-35E8-4440-BD24-AA23D6798C70}.Release|x86.ActiveCfg = Release|Any CPU
	EndGlobalSection
	GlobalSection(SolutionProperties) = preSolution
		HideSolutionNode = FALSE
	EndGlobalSection
EndGlobal
